// !$*UTF8*$!
{
	archiveVersion = 1;
	classes = {
	};
	objectVersion = 46;
	objects = {

/* Begin PBXBuildFile section */
		C9910F541870B8A00021364E /* GCPinchInteractiveTransitionObject.m in Sources */ = {isa = PBXBuildFile; fileRef = C9910F531870B8A00021364E /* GCPinchInteractiveTransitionObject.m */; };
		C9AEE561185E275F0075888E /* Foundation.framework in Frameworks */ = {isa = PBXBuildFile; fileRef = C9AEE560185E275F0075888E /* Foundation.framework */; };
		C9AEE563185E275F0075888E /* CoreGraphics.framework in Frameworks */ = {isa = PBXBuildFile; fileRef = C9AEE562185E275F0075888E /* CoreGraphics.framework */; };
		C9AEE565185E275F0075888E /* UIKit.framework in Frameworks */ = {isa = PBXBuildFile; fileRef = C9AEE564185E275F0075888E /* UIKit.framework */; };
		C9AEE56B185E275F0075888E /* InfoPlist.strings in Resources */ = {isa = PBXBuildFile; fileRef = C9AEE569185E275F0075888E /* InfoPlist.strings */; };
		C9AEE56D185E275F0075888E /* main.m in Sources */ = {isa = PBXBuildFile; fileRef = C9AEE56C185E275F0075888E /* main.m */; };
		C9AEE571185E275F0075888E /* GCAppDelegate.m in Sources */ = {isa = PBXBuildFile; fileRef = C9AEE570185E275F0075888E /* GCAppDelegate.m */; };
		C9AEE574185E275F0075888E /* Main.storyboard in Resources */ = {isa = PBXBuildFile; fileRef = C9AEE572185E275F0075888E /* Main.storyboard */; };
		C9AEE577185E275F0075888E /* GCMasterViewController.m in Sources */ = {isa = PBXBuildFile; fileRef = C9AEE576185E275F0075888E /* GCMasterViewController.m */; };
		C9AEE57A185E275F0075888E /* GCDetailViewController.m in Sources */ = {isa = PBXBuildFile; fileRef = C9AEE579185E275F0075888E /* GCDetailViewController.m */; };
		C9AEE57C185E275F0075888E /* Images.xcassets in Resources */ = {isa = PBXBuildFile; fileRef = C9AEE57B185E275F0075888E /* Images.xcassets */; };
		C9AEE583185E275F0075888E /* XCTest.framework in Frameworks */ = {isa = PBXBuildFile; fileRef = C9AEE582185E275F0075888E /* XCTest.framework */; };
		C9AEE584185E275F0075888E /* Foundation.framework in Frameworks */ = {isa = PBXBuildFile; fileRef = C9AEE560185E275F0075888E /* Foundation.framework */; };
		C9AEE585185E275F0075888E /* UIKit.framework in Frameworks */ = {isa = PBXBuildFile; fileRef = C9AEE564185E275F0075888E /* UIKit.framework */; };
		C9AEE58D185E275F0075888E /* InfoPlist.strings in Resources */ = {isa = PBXBuildFile; fileRef = C9AEE58B185E275F0075888E /* InfoPlist.strings */; };
		C9AEE58F185E275F0075888E /* InteractiveTransitionsTests.m in Sources */ = {isa = PBXBuildFile; fileRef = C9AEE58E185E275F0075888E /* InteractiveTransitionsTests.m */; };
		C9AEE59D185E34ED0075888E /* GCNavigationControllerDelegate.m in Sources */ = {isa = PBXBuildFile; fileRef = C9AEE59C185E34ED0075888E /* GCNavigationControllerDelegate.m */; };
		C9AEE5A0185E35640075888E /* GCControllerAnimatedTransitioningObject.m in Sources */ = {isa = PBXBuildFile; fileRef = C9AEE59F185E35640075888E /* GCControllerAnimatedTransitioningObject.m */; };
/* End PBXBuildFile section */

/* Begin PBXContainerItemProxy section */
		C9AEE586185E275F0075888E /* PBXContainerItemProxy */ = {
			isa = PBXContainerItemProxy;
			containerPortal = C9AEE555185E275F0075888E /* Project object */;
			proxyType = 1;
			remoteGlobalIDString = C9AEE55C185E275F0075888E;
			remoteInfo = InteractiveTransitions;
		};
/* End PBXContainerItemProxy section */

/* Begin PBXFileReference section */
		C9910F521870B8A00021364E /* GCPinchInteractiveTransitionObject.h */ = {isa = PBXFileReference; fileEncoding = 4; lastKnownFileType = sourcecode.c.h; path = GCPinchInteractiveTransitionObject.h; sourceTree = "<group>"; };
		C9910F531870B8A00021364E /* GCPinchInteractiveTransitionObject.m */ = {isa = PBXFileReference; fileEncoding = 4; lastKnownFileType = sourcecode.c.objc; path = GCPinchInteractiveTransitionObject.m; sourceTree = "<group>"; };
		C9AEE55D185E275F0075888E /* InteractiveTransitions.app */ = {isa = PBXFileReference; explicitFileType = wrapper.application; includeInIndex = 0; path = InteractiveTransitions.app; sourceTree = BUILT_PRODUCTS_DIR; };
		C9AEE560185E275F0075888E /* Foundation.framework */ = {isa = PBXFileReference; lastKnownFileType = wrapper.framework; name = Foundation.framework; path = System/Library/Frameworks/Foundation.framework; sourceTree = SDKROOT; };
		C9AEE562185E275F0075888E /* CoreGraphics.framework */ = {isa = PBXFileReference; lastKnownFileType = wrapper.framework; name = CoreGraphics.framework; path = System/Library/Frameworks/CoreGraphics.framework; sourceTree = SDKROOT; };
		C9AEE564185E275F0075888E /* UIKit.framework */ = {isa = PBXFileReference; lastKnownFileType = wrapper.framework; name = UIKit.framework; path = System/Library/Frameworks/UIKit.framework; sourceTree = SDKROOT; };
		C9AEE568185E275F0075888E /* InteractiveTransitions-Info.plist */ = {isa = PBXFileReference; lastKnownFileType = text.plist.xml; path = "InteractiveTransitions-Info.plist"; sourceTree = "<group>"; };
		C9AEE56A185E275F0075888E /* en */ = {isa = PBXFileReference; lastKnownFileType = text.plist.strings; name = en; path = en.lproj/InfoPlist.strings; sourceTree = "<group>"; };
		C9AEE56C185E275F0075888E /* main.m */ = {isa = PBXFileReference; lastKnownFileType = sourcecode.c.objc; path = main.m; sourceTree = "<group>"; };
		C9AEE56E185E275F0075888E /* InteractiveTransitions-Prefix.pch */ = {isa = PBXFileReference; lastKnownFileType = sourcecode.c.h; path = "InteractiveTransitions-Prefix.pch"; sourceTree = "<group>"; };
		C9AEE56F185E275F0075888E /* GCAppDelegate.h */ = {isa = PBXFileReference; lastKnownFileType = sourcecode.c.h; path = GCAppDelegate.h; sourceTree = "<group>"; };
		C9AEE570185E275F0075888E /* GCAppDelegate.m */ = {isa = PBXFileReference; lastKnownFileType = sourcecode.c.objc; path = GCAppDelegate.m; sourceTree = "<group>"; };
		C9AEE573185E275F0075888E /* Base */ = {isa = PBXFileReference; lastKnownFileType = file.storyboard; name = Base; path = Base.lproj/Main.storyboard; sourceTree = "<group>"; };
		C9AEE575185E275F0075888E /* GCMasterViewController.h */ = {isa = PBXFileReference; lastKnownFileType = sourcecode.c.h; name = GCMasterViewController.h; path = ../GCMasterViewController.h; sourceTree = "<group>"; };
		C9AEE576185E275F0075888E /* GCMasterViewController.m */ = {isa = PBXFileReference; lastKnownFileType = sourcecode.c.objc; name = GCMasterViewController.m; path = ../GCMasterViewController.m; sourceTree = "<group>"; };
		C9AEE578185E275F0075888E /* GCDetailViewController.h */ = {isa = PBXFileReference; lastKnownFileType = sourcecode.c.h; name = GCDetailViewController.h; path = ../GCDetailViewController.h; sourceTree = "<group>"; };
		C9AEE579185E275F0075888E /* GCDetailViewController.m */ = {isa = PBXFileReference; lastKnownFileType = sourcecode.c.objc; name = GCDetailViewController.m; path = ../GCDetailViewController.m; sourceTree = "<group>"; };
		C9AEE57B185E275F0075888E /* Images.xcassets */ = {isa = PBXFileReference; lastKnownFileType = folder.assetcatalog; path = Images.xcassets; sourceTree = "<group>"; };
		C9AEE581185E275F0075888E /* InteractiveTransitionsTests.xctest */ = {isa = PBXFileReference; explicitFileType = wrapper.cfbundle; includeInIndex = 0; path = InteractiveTransitionsTests.xctest; sourceTree = BUILT_PRODUCTS_DIR; };
		C9AEE582185E275F0075888E /* XCTest.framework */ = {isa = PBXFileReference; lastKnownFileType = wrapper.framework; name = XCTest.framework; path = Library/Frameworks/XCTest.framework; sourceTree = DEVELOPER_DIR; };
		C9AEE58A185E275F0075888E /* InteractiveTransitionsTests-Info.plist */ = {isa = PBXFileReference; lastKnownFileType = text.plist.xml; path = "InteractiveTransitionsTests-Info.plist"; sourceTree = "<group>"; };
		C9AEE58C185E275F0075888E /* en */ = {isa = PBXFileReference; lastKnownFileType = text.plist.strings; name = en; path = en.lproj/InfoPlist.strings; sourceTree = "<group>"; };
		C9AEE58E185E275F0075888E /* InteractiveTransitionsTests.m */ = {isa = PBXFileReference; lastKnownFileType = sourcecode.c.objc; path = InteractiveTransitionsTests.m; sourceTree = "<group>"; };
		C9AEE59B185E34ED0075888E /* GCNavigationControllerDelegate.h */ = {isa = PBXFileReference; fileEncoding = 4; lastKnownFileType = sourcecode.c.h; path = GCNavigationControllerDelegate.h; sourceTree = "<group>"; };
		C9AEE59C185E34ED0075888E /* GCNavigationControllerDelegate.m */ = {isa = PBXFileReference; fileEncoding = 4; lastKnownFileType = sourcecode.c.objc; path = GCNavigationControllerDelegate.m; sourceTree = "<group>"; };
		C9AEE59E185E35640075888E /* GCControllerAnimatedTransitioningObject.h */ = {isa = PBXFileReference; fileEncoding = 4; lastKnownFileType = sourcecode.c.h; path = GCControllerAnimatedTransitioningObject.h; sourceTree = "<group>"; };
		C9AEE59F185E35640075888E /* GCControllerAnimatedTransitioningObject.m */ = {isa = PBXFileReference; fileEncoding = 4; lastKnownFileType = sourcecode.c.objc; path = GCControllerAnimatedTransitioningObject.m; sourceTree = "<group>"; };
/* End PBXFileReference section */

/* Begin PBXFrameworksBuildPhase section */
		C9AEE55A185E275F0075888E /* Frameworks */ = {
			isa = PBXFrameworksBuildPhase;
			buildActionMask = 2147483647;
			files = (
				C9AEE563185E275F0075888E /* CoreGraphics.framework in Frameworks */,
				C9AEE565185E275F0075888E /* UIKit.framework in Frameworks */,
				C9AEE561185E275F0075888E /* Foundation.framework in Frameworks */,
			);
			runOnlyForDeploymentPostprocessing = 0;
		};
		C9AEE57E185E275F0075888E /* Frameworks */ = {
			isa = PBXFrameworksBuildPhase;
			buildActionMask = 2147483647;
			files = (
				C9AEE583185E275F0075888E /* XCTest.framework in Frameworks */,
				C9AEE585185E275F0075888E /* UIKit.framework in Frameworks */,
				C9AEE584185E275F0075888E /* Foundation.framework in Frameworks */,
			);
			runOnlyForDeploymentPostprocessing = 0;
		};
/* End PBXFrameworksBuildPhase section */

/* Begin PBXGroup section */
		C9AEE554185E275F0075888E = {
			isa = PBXGroup;
			children = (
				C9AEE566185E275F0075888E /* InteractiveTransitions */,
				C9AEE588185E275F0075888E /* InteractiveTransitionsTests */,
				C9AEE55F185E275F0075888E /* Frameworks */,
				C9AEE55E185E275F0075888E /* Products */,
			);
			sourceTree = "<group>";
		};
		C9AEE55E185E275F0075888E /* Products */ = {
			isa = PBXGroup;
			children = (
				C9AEE55D185E275F0075888E /* InteractiveTransitions.app */,
				C9AEE581185E275F0075888E /* InteractiveTransitionsTests.xctest */,
			);
			name = Products;
			sourceTree = "<group>";
		};
		C9AEE55F185E275F0075888E /* Frameworks */ = {
			isa = PBXGroup;
			children = (
				C9AEE560185E275F0075888E /* Foundation.framework */,
				C9AEE562185E275F0075888E /* CoreGraphics.framework */,
				C9AEE564185E275F0075888E /* UIKit.framework */,
				C9AEE582185E275F0075888E /* XCTest.framework */,
			);
			name = Frameworks;
			sourceTree = "<group>";
		};
		C9AEE566185E275F0075888E /* InteractiveTransitions */ = {
			isa = PBXGroup;
			children = (
				C9AEE59A185E33A00075888E /* Controllers */,
				C9AEE598185E338B0075888E /* Models */,
				C9AEE56F185E275F0075888E /* GCAppDelegate.h */,
				C9AEE570185E275F0075888E /* GCAppDelegate.m */,
				C9AEE572185E275F0075888E /* Main.storyboard */,
				C9AEE57B185E275F0075888E /* Images.xcassets */,
				C9AEE567185E275F0075888E /* Supporting Files */,
			);
			path = InteractiveTransitions;
			sourceTree = "<group>";
		};
		C9AEE567185E275F0075888E /* Supporting Files */ = {
			isa = PBXGroup;
			children = (
				C9AEE568185E275F0075888E /* InteractiveTransitions-Info.plist */,
				C9AEE569185E275F0075888E /* InfoPlist.strings */,
				C9AEE56C185E275F0075888E /* main.m */,
				C9AEE56E185E275F0075888E /* InteractiveTransitions-Prefix.pch */,
			);
			name = "Supporting Files";
			sourceTree = "<group>";
		};
		C9AEE588185E275F0075888E /* InteractiveTransitionsTests */ = {
			isa = PBXGroup;
			children = (
				C9AEE58E185E275F0075888E /* InteractiveTransitionsTests.m */,
				C9AEE589185E275F0075888E /* Supporting Files */,
			);
			path = InteractiveTransitionsTests;
			sourceTree = "<group>";
		};
		C9AEE589185E275F0075888E /* Supporting Files */ = {
			isa = PBXGroup;
			children = (
				C9AEE58A185E275F0075888E /* InteractiveTransitionsTests-Info.plist */,
				C9AEE58B185E275F0075888E /* InfoPlist.strings */,
			);
			name = "Supporting Files";
			sourceTree = "<group>";
		};
		C9AEE598185E338B0075888E /* Models */ = {
			isa = PBXGroup;
			children = (
				C9AEE59B185E34ED0075888E /* GCNavigationControllerDelegate.h */,
				C9AEE59C185E34ED0075888E /* GCNavigationControllerDelegate.m */,
				C9AEE59E185E35640075888E /* GCControllerAnimatedTransitioningObject.h */,
				C9AEE59F185E35640075888E /* GCControllerAnimatedTransitioningObject.m */,
				C9910F521870B8A00021364E /* GCPinchInteractiveTransitionObject.h */,
				C9910F531870B8A00021364E /* GCPinchInteractiveTransitionObject.m */,
			);
			path = Models;
			sourceTree = "<group>";
		};
		C9AEE59A185E33A00075888E /* Controllers */ = {
			isa = PBXGroup;
			children = (
				C9AEE575185E275F0075888E /* GCMasterViewController.h */,
				C9AEE576185E275F0075888E /* GCMasterViewController.m */,
				C9AEE578185E275F0075888E /* GCDetailViewController.h */,
				C9AEE579185E275F0075888E /* GCDetailViewController.m */,
			);
			path = Controllers;
			sourceTree = "<group>";
		};
/* End PBXGroup section */

/* Begin PBXNativeTarget section */
		C9AEE55C185E275F0075888E /* InteractiveTransitions */ = {
			isa = PBXNativeTarget;
			buildConfigurationList = C9AEE592185E275F0075888E /* Build configuration list for PBXNativeTarget "InteractiveTransitions" */;
			buildPhases = (
				C9AEE559185E275F0075888E /* Sources */,
				C9AEE55A185E275F0075888E /* Frameworks */,
				C9AEE55B185E275F0075888E /* Resources */,
			);
			buildRules = (
			);
			dependencies = (
			);
			name = InteractiveTransitions;
			productName = InteractiveTransitions;
			productReference = C9AEE55D185E275F0075888E /* InteractiveTransitions.app */;
			productType = "com.apple.product-type.application";
		};
		C9AEE580185E275F0075888E /* InteractiveTransitionsTests */ = {
			isa = PBXNativeTarget;
			buildConfigurationList = C9AEE595185E275F0075888E /* Build configuration list for PBXNativeTarget "InteractiveTransitionsTests" */;
			buildPhases = (
				C9AEE57D185E275F0075888E /* Sources */,
				C9AEE57E185E275F0075888E /* Frameworks */,
				C9AEE57F185E275F0075888E /* Resources */,
			);
			buildRules = (
			);
			dependencies = (
				C9AEE587185E275F0075888E /* PBXTargetDependency */,
			);
			name = InteractiveTransitionsTests;
			productName = InteractiveTransitionsTests;
			productReference = C9AEE581185E275F0075888E /* InteractiveTransitionsTests.xctest */;
			productType = "com.apple.product-type.bundle.unit-test";
		};
/* End PBXNativeTarget section */

/* Begin PBXProject section */
		C9AEE555185E275F0075888E /* Project object */ = {
			isa = PBXProject;
			attributes = {
				CLASSPREFIX = GC;
				LastUpgradeCheck = 0500;
				ORGANIZATIONNAME = "Matt Hawkins";
				TargetAttributes = {
					C9AEE580185E275F0075888E = {
						TestTargetID = C9AEE55C185E275F0075888E;
					};
				};
			};
			buildConfigurationList = C9AEE558185E275F0075888E /* Build configuration list for PBXProject "InteractiveTransitions" */;
			compatibilityVersion = "Xcode 3.2";
			developmentRegion = English;
			hasScannedForEncodings = 0;
			knownRegions = (
				en,
				Base,
			);
			mainGroup = C9AEE554185E275F0075888E;
			productRefGroup = C9AEE55E185E275F0075888E /* Products */;
			projectDirPath = "";
			projectRoot = "";
			targets = (
				C9AEE55C185E275F0075888E /* InteractiveTransitions */,
				C9AEE580185E275F0075888E /* InteractiveTransitionsTests */,
			);
		};
/* End PBXProject section */

/* Begin PBXResourcesBuildPhase section */
		C9AEE55B185E275F0075888E /* Resources */ = {
			isa = PBXResourcesBuildPhase;
			buildActionMask = 2147483647;
			files = (
				C9AEE57C185E275F0075888E /* Images.xcassets in Resources */,
				C9AEE56B185E275F0075888E /* InfoPlist.strings in Resources */,
				C9AEE574185E275F0075888E /* Main.storyboard in Resources */,
			);
			runOnlyForDeploymentPostprocessing = 0;
		};
		C9AEE57F185E275F0075888E /* Resources */ = {
			isa = PBXResourcesBuildPhase;
			buildActionMask = 2147483647;
			files = (
				C9AEE58D185E275F0075888E /* InfoPlist.strings in Resources */,
			);
			runOnlyForDeploymentPostprocessing = 0;
		};
/* End PBXResourcesBuildPhase section */

/* Begin PBXSourcesBuildPhase section */
		C9AEE559185E275F0075888E /* Sources */ = {
			isa = PBXSourcesBuildPhase;
			buildActionMask = 2147483647;
			files = (
				C9AEE571185E275F0075888E /* GCAppDelegate.m in Sources */,
				C9AEE577185E275F0075888E /* GCMasterViewController.m in Sources */,
				C9AEE56D185E275F0075888E /* main.m in Sources */,
				C9910F541870B8A00021364E /* GCPinchInteractiveTransitionObject.m in Sources */,
				C9AEE57A185E275F0075888E /* GCDetailViewController.m in Sources */,
				C9AEE59D185E34ED0075888E /* GCNavigationControllerDelegate.m in Sources */,
				C9AEE5A0185E35640075888E /* GCControllerAnimatedTransitioningObject.m in Sources */,
			);
			runOnlyForDeploymentPostprocessing = 0;
		};
		C9AEE57D185E275F0075888E /* Sources */ = {
			isa = PBXSourcesBuildPhase;
			buildActionMask = 2147483647;
			files = (
				C9AEE58F185E275F0075888E /* InteractiveTransitionsTests.m in Sources */,
			);
			runOnlyForDeploymentPostprocessing = 0;
		};
/* End PBXSourcesBuildPhase section */

/* Begin PBXTargetDependency section */
		C9AEE587185E275F0075888E /* PBXTargetDependency */ = {
			isa = PBXTargetDependency;
			target = C9AEE55C185E275F0075888E /* InteractiveTransitions */;
			targetProxy = C9AEE586185E275F0075888E /* PBXContainerItemProxy */;
		};
/* End PBXTargetDependency section */

/* Begin PBXVariantGroup section */
		C9AEE569185E275F0075888E /* InfoPlist.strings */ = {
			isa = PBXVariantGroup;
			children = (
				C9AEE56A185E275F0075888E /* en */,
			);
			name = InfoPlist.strings;
			sourceTree = "<group>";
		};
		C9AEE572185E275F0075888E /* Main.storyboard */ = {
			isa = PBXVariantGroup;
			children = (
				C9AEE573185E275F0075888E /* Base */,
			);
			name = Main.storyboard;
			sourceTree = "<group>";
		};
		C9AEE58B185E275F0075888E /* InfoPlist.strings */ = {
			isa = PBXVariantGroup;
			children = (
				C9AEE58C185E275F0075888E /* en */,
			);
			name = InfoPlist.strings;
			sourceTree = "<group>";
		};
/* End PBXVariantGroup section */

/* Begin XCBuildConfiguration section */
		C9AEE590185E275F0075888E /* Debug */ = {
			isa = XCBuildConfiguration;
			buildSettings = {
				ALWAYS_SEARCH_USER_PATHS = NO;
				ARCHS = "$(ARCHS_STANDARD_INCLUDING_64_BIT)";
				CLANG_CXX_LANGUAGE_STANDARD = "gnu++0x";
				CLANG_CXX_LIBRARY = "libc++";
				CLANG_ENABLE_MODULES = YES;
				CLANG_ENABLE_OBJC_ARC = YES;
				CLANG_WARN_BOOL_CONVERSION = YES;
				CLANG_WARN_CONSTANT_CONVERSION = YES;
				CLANG_WARN_DIRECT_OBJC_ISA_USAGE = YES_ERROR;
				CLANG_WARN_EMPTY_BODY = YES;
				CLANG_WARN_ENUM_CONVERSION = YES;
				CLANG_WARN_INT_CONVERSION = YES;
				CLANG_WARN_OBJC_ROOT_CLASS = YES_ERROR;
				CLANG_WARN__DUPLICATE_METHOD_MATCH = YES;
				"CODE_SIGN_IDENTITY[sdk=iphoneos*]" = "iPhone Developer";
				COPY_PHASE_STRIP = NO;
				GCC_C_LANGUAGE_STANDARD = gnu99;
				GCC_DYNAMIC_NO_PIC = NO;
				GCC_OPTIMIZATION_LEVEL = 0;
				GCC_PREPROCESSOR_DEFINITIONS = (
					"DEBUG=1",
					"$(inherited)",
				);
				GCC_SYMBOLS_PRIVATE_EXTERN = NO;
				GCC_WARN_64_TO_32_BIT_CONVERSION = YES;
				GCC_WARN_ABOUT_RETURN_TYPE = YES_ERROR;
				GCC_WARN_UNDECLARED_SELECTOR = YES;
				GCC_WARN_UNINITIALIZED_AUTOS = YES;
				GCC_WARN_UNUSED_FUNCTION = YES;
				GCC_WARN_UNUSED_VARIABLE = YES;
				IPHONEOS_DEPLOYMENT_TARGET = 7.0;
				ONLY_ACTIVE_ARCH = YES;
				SDKROOT = iphoneos;
			};
			name = Debug;
		};
		C9AEE591185E275F0075888E /* Release */ = {
			isa = XCBuildConfiguration;
			buildSettings = {
				ALWAYS_SEARCH_USER_PATHS = NO;
				ARCHS = "$(ARCHS_STANDARD_INCLUDING_64_BIT)";
				CLANG_CXX_LANGUAGE_STANDARD = "gnu++0x";
				CLANG_CXX_LIBRARY = "libc++";
				CLANG_ENABLE_MODULES = YES;
				CLANG_ENABLE_OBJC_ARC = YES;
				CLANG_WARN_BOOL_CONVERSION = YES;
				CLANG_WARN_CONSTANT_CONVERSION = YES;
				CLANG_WARN_DIRECT_OBJC_ISA_USAGE = YES_ERROR;
				CLANG_WARN_EMPTY_BODY = YES;
				CLANG_WARN_ENUM_CONVERSION = YES;
				CLANG_WARN_INT_CONVERSION = YES;
				CLANG_WARN_OBJC_ROOT_CLASS = YES_ERROR;
				CLANG_WARN__DUPLICATE_METHOD_MATCH = YES;
				"CODE_SIGN_IDENTITY[sdk=iphoneos*]" = "iPhone Developer";
				COPY_PHASE_STRIP = YES;
				ENABLE_NS_ASSERTIONS = NO;
				GCC_C_LANGUAGE_STANDARD = gnu99;
				GCC_WARN_64_TO_32_BIT_CONVERSION = YES;
				GCC_WARN_ABOUT_RETURN_TYPE = YES_ERROR;
				GCC_WARN_UNDECLARED_SELECTOR = YES;
				GCC_WARN_UNINITIALIZED_AUTOS = YES;
				GCC_WARN_UNUSED_FUNCTION = YES;
				GCC_WARN_UNUSED_VARIABLE = YES;
				IPHONEOS_DEPLOYMENT_TARGET = 7.0;
				SDKROOT = iphoneos;
				VALIDATE_PRODUCT = YES;
			};
			name = Release;
		};
		C9AEE593185E275F0075888E /* Debug */ = {
			isa = XCBuildConfiguration;
			buildSettings = {
				ASSETCATALOG_COMPILER_APPICON_NAME = AppIcon;
				ASSETCATALOG_COMPILER_LAUNCHIMAGE_NAME = LaunchImage;
				GCC_PRECOMPILE_PREFIX_HEADER = YES;
				GCC_PREFIX_HEADER = "InteractiveTransitions/InteractiveTransitions-Prefix.pch";
				INFOPLIST_FILE = "InteractiveTransitions/InteractiveTransitions-Info.plist";
				PRODUCT_NAME = "$(TARGET_NAME)";
				WRAPPER_EXTENSION = app;
			};
			name = Debug;
		};
		C9AEE594185E275F0075888E /* Release */ = {
			isa = XCBuildConfiguration;
			buildSettings = {
				ASSETCATALOG_COMPILER_APPICON_NAME = AppIcon;
				ASSETCATALOG_COMPILER_LAUNCHIMAGE_NAME = LaunchImage;
				GCC_PRECOMPILE_PREFIX_HEADER = YES;
				GCC_PREFIX_HEADER = "InteractiveTransitions/InteractiveTransitions-Prefix.pch";
				INFOPLIST_FILE = "InteractiveTransitions/InteractiveTransitions-Info.plist";
				PRODUCT_NAME = "$(TARGET_NAME)";
				WRAPPER_EXTENSION = app;
			};
			name = Release;
		};
		C9AEE596185E275F0075888E /* Debug */ = {
			isa = XCBuildConfiguration;
			buildSettings = {
				ARCHS = "$(ARCHS_STANDARD_INCLUDING_64_BIT)";
				BUNDLE_LOADER = "$(BUILT_PRODUCTS_DIR)/InteractiveTransitions.app/InteractiveTransitions";
				FRAMEWORK_SEARCH_PATHS = (
					"$(SDKROOT)/Developer/Library/Frameworks",
					"$(inherited)",
					"$(DEVELOPER_FRAMEWORKS_DIR)",
				);
				GCC_PRECOMPILE_PREFIX_HEADER = YES;
				GCC_PREFIX_HEADER = "InteractiveTransitions/InteractiveTransitions-Prefix.pch";
				GCC_PREPROCESSOR_DEFINITIONS = (
					"DEBUG=1",
					"$(inherited)",
				);
				INFOPLIST_FILE = "InteractiveTransitionsTests/InteractiveTransitionsTests-Info.plist";
				PRODUCT_NAME = "$(TARGET_NAME)";
				TEST_HOST = "$(BUNDLE_LOADER)";
				WRAPPER_EXTENSION = xctest;
			};
			name = Debug;
		};
		C9AEE597185E275F0075888E /* Release */ = {
			isa = XCBuildConfiguration;
			buildSettings = {
				ARCHS = "$(ARCHS_STANDARD_INCLUDING_64_BIT)";
				BUNDLE_LOADER = "$(BUILT_PRODUCTS_DIR)/InteractiveTransitions.app/InteractiveTransitions";
				FRAMEWORK_SEARCH_PATHS = (
					"$(SDKROOT)/Developer/Library/Frameworks",
					"$(inherited)",
					"$(DEVELOPER_FRAMEWORKS_DIR)",
				);
				GCC_PRECOMPILE_PREFIX_HEADER = YES;
				GCC_PREFIX_HEADER = "InteractiveTransitions/InteractiveTransitions-Prefix.pch";
				INFOPLIST_FILE = "InteractiveTransitionsTests/InteractiveTransitionsTests-Info.plist";
				PRODUCT_NAME = "$(TARGET_NAME)";
				TEST_HOST = "$(BUNDLE_LOADER)";
				WRAPPER_EXTENSION = xctest;
			};
			name = Release;
		};
/* End XCBuildConfiguration section */

/* Begin XCConfigurationList section */
		C9AEE558185E275F0075888E /* Build configuration list for PBXProject "InteractiveTransitions" */ = {
			isa = XCConfigurationList;
			buildConfigurations = (
				C9AEE590185E275F0075888E /* Debug */,
				C9AEE591185E275F0075888E /* Release */,
			);
			defaultConfigurationIsVisible = 0;
			defaultConfigurationName = Release;
		};
		C9AEE592185E275F0075888E /* Build configuration list for PBXNativeTarget "InteractiveTransitions" */ = {
			isa = XCConfigurationList;
			buildConfigurations = (
				C9AEE593185E275F0075888E /* Debug */,
				C9AEE594185E275F0075888E /* Release */,
			);
			defaultConfigurationIsVisible = 0;
			defaultConfigurationName = Release;
		};
		C9AEE595185E275F0075888E /* Build configuration list for PBXNativeTarget "InteractiveTransitionsTests" */ = {
			isa = XCConfigurationList;
			buildConfigurations = (
				C9AEE596185E275F0075888E /* Debug */,
				C9AEE597185E275F0075888E /* Release */,
			);
			defaultConfigurationIsVisible = 0;
			defaultConfigurationName = Release;
		};
/* End XCConfigurationList section */
	};
	rootObject = C9AEE555185E275F0075888E /* Project object */;
}
